
Microsoft Visual Studio Solution File, Format Version 12.00
# Visual Studio Version 16
VisualStudioVersion = 16.0.808.2
MinimumVisualStudioVersion = 10.0.40219.1
Project("{FAE04EC0-301F-11D3-BF4B-00C04F79EFBC}") = "Listener", "Listener.csproj", "{9A125BF1-4C37-4CC0-8568-89EB48047551}"
EndProject
Global
	GlobalSection(SolutionConfigurationPlatforms) = preSolution
		Debug|Any CPU = Debug|Any CPU
		Release|Any CPU = Release|Any CPU
	EndGlobalSection
	GlobalSection(ProjectConfigurationPlatforms) = postSolution
		{9A125BF1-4C37-4CC0-8568-89EB48047551}.Debug|Any CPU.ActiveCfg = Debug|Any CPU
		{9A125BF1-4C37-4CC0-8568-89EB48047551}.Debug|Any CPU.Build.0 = Debug|Any CPU
		{9A125BF1-4C37-4CC0-8568-89EB48047551}.Release|Any CPU.ActiveCfg = Release|Any CPU
		{9A125BF1-4C37-4CC0-8568-89EB48047551}.Release|Any CPU.Build.0 = Release|Any CPU
	EndGlobalSection
	GlobalSection(SolutionProperties) = preSolution
		HideSolutionNode = FALSE
	EndGlobalSection
	GlobalSection(ExtensibilityGlobals) = postSolution
		SolutionGuid = {0B2D73AD-E9B7-4B57-9954-246C33FB89C8}
	EndGlobalSection
EndGlobal
