
Microsoft Visual Studio Solution File, Format Version 12.00
# Visual Studio Version 16
VisualStudioVersion = 16.0.29613.14
MinimumVisualStudioVersion = 10.0.40219.1
Project("{9A19103F-16F7-4668-BE54-9A1E7A4F7556}") = "AzureBatchServices", "AzureBatchServices\AzureBatchServices.csproj", "{887D58B4-1B52-4CD4-906D-AAA71456CAFC}"
EndProject
Project("{9A19103F-16F7-4668-BE54-9A1E7A4F7556}") = "Common", "UserSecrets\Common.csproj", "{110D31E3-9EA9-4C77-8643-80D315082E57}"
EndProject
Project("{9A19103F-16F7-4668-BE54-9A1E7A4F7556}") = "StorageTables", "StorageTables\StorageTables.csproj", "{BAF0EA81-E39A-425B-AA5C-A27BD25552B3}"
EndProject
Project("{9A19103F-16F7-4668-BE54-9A1E7A4F7556}") = "CosmosDb", "CosmosDb\CosmosDb.csproj", "{8DB50B9A-7646-4243-88C0-4E3EB1209E01}"
EndProject
Project("{9A19103F-16F7-4668-BE54-9A1E7A4F7556}") = "Storage", "Storage\Storage.csproj", "{0B7CF2D0-9FFC-4F70-8315-CC8251FACFE2}"
EndProject
Project("{9A19103F-16F7-4668-BE54-9A1E7A4F7556}") = "FunctionApp", "FunctionApp\FunctionApp.csproj", "{81A3C63C-A6A2-4D75-A9BB-FAED13EEA44E}"
EndProject
Project("{9A19103F-16F7-4668-BE54-9A1E7A4F7556}") = "DurableFunctionApp", "DurableFunctionApp\DurableFunctionApp.csproj", "{3E6ECD62-16D3-4703-9D89-29163ADB157C}"
EndProject
Project("{9A19103F-16F7-4668-BE54-9A1E7A4F7556}") = "AzureSearch", "AzureSearch\AzureSearch.csproj", "{B08539A0-16D1-4AFF-942C-7278A29550A9}"
EndProject
Project("{9A19103F-16F7-4668-BE54-9A1E7A4F7556}") = "EventGrid", "EventGrid\EventGrid.csproj", "{452B08FE-3540-4088-A20B-4B3B8C5B0073}"
EndProject
Project("{9A19103F-16F7-4668-BE54-9A1E7A4F7556}") = "ServiceBus", "ServiceBus\ServiceBus.csproj", "{E90A29AC-102E-471C-93A4-1C6CF469FA31}"
EndProject
Project("{9A19103F-16F7-4668-BE54-9A1E7A4F7556}") = "AzureKeyVault", "AzureKeyVault\AzureKeyVault.csproj", "{9FD910AF-A77E-4ADC-B934-0649CE3BC0E3}"
EndProject
Project("{9A19103F-16F7-4668-BE54-9A1E7A4F7556}") = "StorageServicePrinciple", "StorageServicePrinciple\StorageServicePrinciple.csproj", "{4EEFD903-FA0A-44DF-A433-035472F53088}"
EndProject
Project("{9A19103F-16F7-4668-BE54-9A1E7A4F7556}") = "WebBlobLogging", "WebBlobLogging\WebBlobLogging.csproj", "{1A0DE5E8-B90A-4864-80F7-53569E75D856}"
EndProject
Project("{9A19103F-16F7-4668-BE54-9A1E7A4F7556}") = "ConfigureLoggingByServicePrincipal", "ConfigureLoggingByServicePrincipal\ConfigureLoggingByServicePrincipal.csproj", "{5E58B189-E98E-422E-8F7F-78A587F76131}"
EndProject
Project("{FAE04EC0-301F-11D3-BF4B-00C04F79EFBC}") = "AppInsightsDemo", "AppInsightsDemo\AppInsightsDemo.csproj", "{2048F57F-271D-4CBA-886B-54E7958DA4B2}"
EndProject
Global
	GlobalSection(SolutionConfigurationPlatforms) = preSolution
		Debug|Any CPU = Debug|Any CPU
		Release|Any CPU = Release|Any CPU
	EndGlobalSection
	GlobalSection(ProjectConfigurationPlatforms) = postSolution
		{887D58B4-1B52-4CD4-906D-AAA71456CAFC}.Debug|Any CPU.ActiveCfg = Debug|Any CPU
		{887D58B4-1B52-4CD4-906D-AAA71456CAFC}.Debug|Any CPU.Build.0 = Debug|Any CPU
		{887D58B4-1B52-4CD4-906D-AAA71456CAFC}.Release|Any CPU.ActiveCfg = Release|Any CPU
		{887D58B4-1B52-4CD4-906D-AAA71456CAFC}.Release|Any CPU.Build.0 = Release|Any CPU
		{110D31E3-9EA9-4C77-8643-80D315082E57}.Debug|Any CPU.ActiveCfg = Debug|Any CPU
		{110D31E3-9EA9-4C77-8643-80D315082E57}.Debug|Any CPU.Build.0 = Debug|Any CPU
		{110D31E3-9EA9-4C77-8643-80D315082E57}.Release|Any CPU.ActiveCfg = Release|Any CPU
		{110D31E3-9EA9-4C77-8643-80D315082E57}.Release|Any CPU.Build.0 = Release|Any CPU
		{BAF0EA81-E39A-425B-AA5C-A27BD25552B3}.Debug|Any CPU.ActiveCfg = Debug|Any CPU
		{BAF0EA81-E39A-425B-AA5C-A27BD25552B3}.Debug|Any CPU.Build.0 = Debug|Any CPU
		{BAF0EA81-E39A-425B-AA5C-A27BD25552B3}.Release|Any CPU.ActiveCfg = Release|Any CPU
		{BAF0EA81-E39A-425B-AA5C-A27BD25552B3}.Release|Any CPU.Build.0 = Release|Any CPU
		{8DB50B9A-7646-4243-88C0-4E3EB1209E01}.Debug|Any CPU.ActiveCfg = Debug|Any CPU
		{8DB50B9A-7646-4243-88C0-4E3EB1209E01}.Debug|Any CPU.Build.0 = Debug|Any CPU
		{8DB50B9A-7646-4243-88C0-4E3EB1209E01}.Release|Any CPU.ActiveCfg = Release|Any CPU
		{8DB50B9A-7646-4243-88C0-4E3EB1209E01}.Release|Any CPU.Build.0 = Release|Any CPU
		{0B7CF2D0-9FFC-4F70-8315-CC8251FACFE2}.Debug|Any CPU.ActiveCfg = Debug|Any CPU
		{0B7CF2D0-9FFC-4F70-8315-CC8251FACFE2}.Debug|Any CPU.Build.0 = Debug|Any CPU
		{0B7CF2D0-9FFC-4F70-8315-CC8251FACFE2}.Release|Any CPU.ActiveCfg = Release|Any CPU
		{0B7CF2D0-9FFC-4F70-8315-CC8251FACFE2}.Release|Any CPU.Build.0 = Release|Any CPU
		{81A3C63C-A6A2-4D75-A9BB-FAED13EEA44E}.Debug|Any CPU.ActiveCfg = Debug|Any CPU
		{81A3C63C-A6A2-4D75-A9BB-FAED13EEA44E}.Debug|Any CPU.Build.0 = Debug|Any CPU
		{81A3C63C-A6A2-4D75-A9BB-FAED13EEA44E}.Release|Any CPU.ActiveCfg = Release|Any CPU
		{81A3C63C-A6A2-4D75-A9BB-FAED13EEA44E}.Release|Any CPU.Build.0 = Release|Any CPU
		{3E6ECD62-16D3-4703-9D89-29163ADB157C}.Debug|Any CPU.ActiveCfg = Debug|Any CPU
		{3E6ECD62-16D3-4703-9D89-29163ADB157C}.Debug|Any CPU.Build.0 = Debug|Any CPU
		{3E6ECD62-16D3-4703-9D89-29163ADB157C}.Release|Any CPU.ActiveCfg = Release|Any CPU
		{3E6ECD62-16D3-4703-9D89-29163ADB157C}.Release|Any CPU.Build.0 = Release|Any CPU
		{B08539A0-16D1-4AFF-942C-7278A29550A9}.Debug|Any CPU.ActiveCfg = Debug|Any CPU
		{B08539A0-16D1-4AFF-942C-7278A29550A9}.Debug|Any CPU.Build.0 = Debug|Any CPU
		{B08539A0-16D1-4AFF-942C-7278A29550A9}.Release|Any CPU.ActiveCfg = Release|Any CPU
		{B08539A0-16D1-4AFF-942C-7278A29550A9}.Release|Any CPU.Build.0 = Release|Any CPU
		{452B08FE-3540-4088-A20B-4B3B8C5B0073}.Debug|Any CPU.ActiveCfg = Debug|Any CPU
		{452B08FE-3540-4088-A20B-4B3B8C5B0073}.Debug|Any CPU.Build.0 = Debug|Any CPU
		{452B08FE-3540-4088-A20B-4B3B8C5B0073}.Release|Any CPU.ActiveCfg = Release|Any CPU
		{452B08FE-3540-4088-A20B-4B3B8C5B0073}.Release|Any CPU.Build.0 = Release|Any CPU
		{E90A29AC-102E-471C-93A4-1C6CF469FA31}.Debug|Any CPU.ActiveCfg = Debug|Any CPU
		{E90A29AC-102E-471C-93A4-1C6CF469FA31}.Debug|Any CPU.Build.0 = Debug|Any CPU
		{E90A29AC-102E-471C-93A4-1C6CF469FA31}.Release|Any CPU.ActiveCfg = Release|Any CPU
		{E90A29AC-102E-471C-93A4-1C6CF469FA31}.Release|Any CPU.Build.0 = Release|Any CPU
		{9FD910AF-A77E-4ADC-B934-0649CE3BC0E3}.Debug|Any CPU.ActiveCfg = Debug|Any CPU
		{9FD910AF-A77E-4ADC-B934-0649CE3BC0E3}.Debug|Any CPU.Build.0 = Debug|Any CPU
		{9FD910AF-A77E-4ADC-B934-0649CE3BC0E3}.Release|Any CPU.ActiveCfg = Release|Any CPU
		{9FD910AF-A77E-4ADC-B934-0649CE3BC0E3}.Release|Any CPU.Build.0 = Release|Any CPU
		{4EEFD903-FA0A-44DF-A433-035472F53088}.Debug|Any CPU.ActiveCfg = Debug|Any CPU
		{4EEFD903-FA0A-44DF-A433-035472F53088}.Debug|Any CPU.Build.0 = Debug|Any CPU
		{4EEFD903-FA0A-44DF-A433-035472F53088}.Release|Any CPU.ActiveCfg = Release|Any CPU
		{4EEFD903-FA0A-44DF-A433-035472F53088}.Release|Any CPU.Build.0 = Release|Any CPU
		{1A0DE5E8-B90A-4864-80F7-53569E75D856}.Debug|Any CPU.ActiveCfg = Debug|Any CPU
		{1A0DE5E8-B90A-4864-80F7-53569E75D856}.Debug|Any CPU.Build.0 = Debug|Any CPU
		{1A0DE5E8-B90A-4864-80F7-53569E75D856}.Release|Any CPU.ActiveCfg = Release|Any CPU
		{1A0DE5E8-B90A-4864-80F7-53569E75D856}.Release|Any CPU.Build.0 = Release|Any CPU
		{5E58B189-E98E-422E-8F7F-78A587F76131}.Debug|Any CPU.ActiveCfg = Debug|Any CPU
		{5E58B189-E98E-422E-8F7F-78A587F76131}.Debug|Any CPU.Build.0 = Debug|Any CPU
		{5E58B189-E98E-422E-8F7F-78A587F76131}.Release|Any CPU.ActiveCfg = Release|Any CPU
		{5E58B189-E98E-422E-8F7F-78A587F76131}.Release|Any CPU.Build.0 = Release|Any CPU
		{2048F57F-271D-4CBA-886B-54E7958DA4B2}.Debug|Any CPU.ActiveCfg = Debug|Any CPU
		{2048F57F-271D-4CBA-886B-54E7958DA4B2}.Debug|Any CPU.Build.0 = Debug|Any CPU
		{2048F57F-271D-4CBA-886B-54E7958DA4B2}.Release|Any CPU.ActiveCfg = Release|Any CPU
		{2048F57F-271D-4CBA-886B-54E7958DA4B2}.Release|Any CPU.Build.0 = Release|Any CPU
	EndGlobalSection
	GlobalSection(SolutionProperties) = preSolution
		HideSolutionNode = FALSE
	EndGlobalSection
	GlobalSection(ExtensibilityGlobals) = postSolution
		SolutionGuid = {45A82695-2EA6-405C-9872-C0DC55AB2F4E}
	EndGlobalSection
EndGlobal
