
Microsoft Visual Studio Solution File, Format Version 12.00
# Visual Studio Version 16
VisualStudioVersion = 16.0.29613.14
MinimumVisualStudioVersion = 10.0.40219.1
Project("{9A19103F-16F7-4668-BE54-9A1E7A4F7556}") = "AzureBatchServices", "AzureBatchServices\AzureBatchServices.csproj", "{887D58B4-1B52-4CD4-906D-AAA71456CAFC}"
EndProject
Project("{9A19103F-16F7-4668-BE54-9A1E7A4F7556}") = "Common", "UserSecrets\Common.csproj", "{110D31E3-9EA9-4C77-8643-80D315082E57}"
EndProject
Project("{9A19103F-16F7-4668-BE54-9A1E7A4F7556}") = "StorageTables", "StorageTables\StorageTables.csproj", "{BAF0EA81-E39A-425B-AA5C-A27BD25552B3}"
EndProject
Project("{FAE04EC0-301F-11D3-BF4B-00C04F79EFBC}") = "CosmosDb", "CosmosDb\CosmosDb.csproj", "{8DB50B9A-7646-4243-88C0-4E3EB1209E01}"
EndProject
Global
	GlobalSection(SolutionConfigurationPlatforms) = preSolution
		Debug|Any CPU = Debug|Any CPU
		Release|Any CPU = Release|Any CPU
	EndGlobalSection
	GlobalSection(ProjectConfigurationPlatforms) = postSolution
		{887D58B4-1B52-4CD4-906D-AAA71456CAFC}.Debug|Any CPU.ActiveCfg = Debug|Any CPU
		{887D58B4-1B52-4CD4-906D-AAA71456CAFC}.Debug|Any CPU.Build.0 = Debug|Any CPU
		{887D58B4-1B52-4CD4-906D-AAA71456CAFC}.Release|Any CPU.ActiveCfg = Release|Any CPU
		{887D58B4-1B52-4CD4-906D-AAA71456CAFC}.Release|Any CPU.Build.0 = Release|Any CPU
		{110D31E3-9EA9-4C77-8643-80D315082E57}.Debug|Any CPU.ActiveCfg = Debug|Any CPU
		{110D31E3-9EA9-4C77-8643-80D315082E57}.Debug|Any CPU.Build.0 = Debug|Any CPU
		{110D31E3-9EA9-4C77-8643-80D315082E57}.Release|Any CPU.ActiveCfg = Release|Any CPU
		{110D31E3-9EA9-4C77-8643-80D315082E57}.Release|Any CPU.Build.0 = Release|Any CPU
		{BAF0EA81-E39A-425B-AA5C-A27BD25552B3}.Debug|Any CPU.ActiveCfg = Debug|Any CPU
		{BAF0EA81-E39A-425B-AA5C-A27BD25552B3}.Debug|Any CPU.Build.0 = Debug|Any CPU
		{BAF0EA81-E39A-425B-AA5C-A27BD25552B3}.Release|Any CPU.ActiveCfg = Release|Any CPU
		{BAF0EA81-E39A-425B-AA5C-A27BD25552B3}.Release|Any CPU.Build.0 = Release|Any CPU
		{8DB50B9A-7646-4243-88C0-4E3EB1209E01}.Debug|Any CPU.ActiveCfg = Debug|Any CPU
		{8DB50B9A-7646-4243-88C0-4E3EB1209E01}.Debug|Any CPU.Build.0 = Debug|Any CPU
		{8DB50B9A-7646-4243-88C0-4E3EB1209E01}.Release|Any CPU.ActiveCfg = Release|Any CPU
		{8DB50B9A-7646-4243-88C0-4E3EB1209E01}.Release|Any CPU.Build.0 = Release|Any CPU
	EndGlobalSection
	GlobalSection(SolutionProperties) = preSolution
		HideSolutionNode = FALSE
	EndGlobalSection
	GlobalSection(ExtensibilityGlobals) = postSolution
		SolutionGuid = {45A82695-2EA6-405C-9872-C0DC55AB2F4E}
	EndGlobalSection
EndGlobal
